// !$*UTF8*$!
{
	archiveVersion = 1;
	classes = {
	};
	objectVersion = 46;
	objects = {

/* Begin PBXBuildFile section */
		5DFA7E132CE54796A4F57B6A /* libPods.a in Frameworks */ = {isa = PBXBuildFile; fileRef = 2EEB66D1389D4D75B0C1CF9C /* libPods.a */; };
		B4573E2919F165B300566684 /* UIViewExtensions.swift in Sources */ = {isa = PBXBuildFile; fileRef = B4573E2819F165B300566684 /* UIViewExtensions.swift */; };
		B48CE65B1986B40D00BD8010 /* AppDelegate.swift in Sources */ = {isa = PBXBuildFile; fileRef = B48CE65A1986B40D00BD8010 /* AppDelegate.swift */; };
		B48CE65D1986B40D00BD8010 /* ViewController.swift in Sources */ = {isa = PBXBuildFile; fileRef = B48CE65C1986B40D00BD8010 /* ViewController.swift */; };
		B48CE6621986B40D00BD8010 /* Images.xcassets in Resources */ = {isa = PBXBuildFile; fileRef = B48CE6611986B40D00BD8010 /* Images.xcassets */; };
		B48CE66E1986B40D00BD8010 /* PadovaNewsTests.swift in Sources */ = {isa = PBXBuildFile; fileRef = B48CE66D1986B40D00BD8010 /* PadovaNewsTests.swift */; };
		B4B8EE7919F014BC00B73D8A /* Current.swift in Sources */ = {isa = PBXBuildFile; fileRef = B4B8EE7819F014BC00B73D8A /* Current.swift */; };
		B4B9E73719ED799200E813D3 /* PrimaryViewController.swift in Sources */ = {isa = PBXBuildFile; fileRef = B4B9E73619ED799200E813D3 /* PrimaryViewController.swift */; };
		B4B9E73919ED7B1400E813D3 /* Main.storyboard in Resources */ = {isa = PBXBuildFile; fileRef = B4B9E73819ED7B1400E813D3 /* Main.storyboard */; };
		B4B9E73B19ED8DF800E813D3 /* FactBook.swift in Sources */ = {isa = PBXBuildFile; fileRef = B4B9E73A19ED8DF800E813D3 /* FactBook.swift */; };
		B4C9A7731A06F70A00A2A9C9 /* AnimatedMaskLabel.swift in Sources */ = {isa = PBXBuildFile; fileRef = B4C9A7721A06F70A00A2A9C9 /* AnimatedMaskLabel.swift */; };
		B4D0530519FD8B8D00625FC1 /* Launch Screen.xib in Resources */ = {isa = PBXBuildFile; fileRef = B4D0530419FD8B8D00625FC1 /* Launch Screen.xib */; };
		B4D167831A07A08E00C3DEA4 /* AboutViewController.swift in Sources */ = {isa = PBXBuildFile; fileRef = B4D167821A07A08E00C3DEA4 /* AboutViewController.swift */; };
		B4E8B2691A695F81004E37DD /* TaccuinDetailViewController.swift in Sources */ = {isa = PBXBuildFile; fileRef = B4E8B2681A695F81004E37DD /* TaccuinDetailViewController.swift */; };
		B4E8B26D1A69643A004E37DD /* TaccuinModel.swift in Sources */ = {isa = PBXBuildFile; fileRef = B4E8B26C1A69643A004E37DD /* TaccuinModel.swift */; };
		B4F1EA051A6834C2009A5BBE /* TaccuìnViewController.swift in Sources */ = {isa = PBXBuildFile; fileRef = B4F1EA041A6834C2009A5BBE /* TaccuìnViewController.swift */; };
		B4F1EA071A6838B1009A5BBE /* TaccuìnCell.swift in Sources */ = {isa = PBXBuildFile; fileRef = B4F1EA061A6838B1009A5BBE /* TaccuìnCell.swift */; };
		B4F3A85F1A6A85EA00CEAAB4 /* Date.swift in Sources */ = {isa = PBXBuildFile; fileRef = B4F3A85E1A6A85EA00CEAAB4 /* Date.swift */; };
		B4F3A8611A6B0D0D00CEAAB4 /* AddTaskViewController.swift in Sources */ = {isa = PBXBuildFile; fileRef = B4F3A8601A6B0D0D00CEAAB4 /* AddTaskViewController.swift */; };
/* End PBXBuildFile section */

/* Begin PBXContainerItemProxy section */
		B48CE6681986B40D00BD8010 /* PBXContainerItemProxy */ = {
			isa = PBXContainerItemProxy;
			containerPortal = B48CE64D1986B40C00BD8010 /* Project object */;
			proxyType = 1;
			remoteGlobalIDString = B48CE6541986B40C00BD8010;
			remoteInfo = PadovaNews;
		};
/* End PBXContainerItemProxy section */

/* Begin PBXFileReference section */
		2EEB66D1389D4D75B0C1CF9C /* libPods.a */ = {isa = PBXFileReference; explicitFileType = archive.ar; includeInIndex = 0; path = libPods.a; sourceTree = BUILT_PRODUCTS_DIR; };
		B4573E2819F165B300566684 /* UIViewExtensions.swift */ = {isa = PBXFileReference; fileEncoding = 4; lastKnownFileType = sourcecode.swift; path = UIViewExtensions.swift; sourceTree = "<group>"; };
		B476D2251987B9A700DA0B1D /* RSSReader-Bridging-Header.h */ = {isa = PBXFileReference; lastKnownFileType = sourcecode.c.h; path = "RSSReader-Bridging-Header.h"; sourceTree = "<group>"; };
		B48CE6551986B40C00BD8010 /* PadovaNews.app */ = {isa = PBXFileReference; explicitFileType = wrapper.application; includeInIndex = 0; path = PadovaNews.app; sourceTree = BUILT_PRODUCTS_DIR; };
		B48CE6591986B40D00BD8010 /* Info.plist */ = {isa = PBXFileReference; lastKnownFileType = text.plist.xml; path = Info.plist; sourceTree = "<group>"; };
		B48CE65A1986B40D00BD8010 /* AppDelegate.swift */ = {isa = PBXFileReference; lastKnownFileType = sourcecode.swift; path = AppDelegate.swift; sourceTree = "<group>"; };
		B48CE65C1986B40D00BD8010 /* ViewController.swift */ = {isa = PBXFileReference; lastKnownFileType = sourcecode.swift; path = ViewController.swift; sourceTree = "<group>"; };
		B48CE6611986B40D00BD8010 /* Images.xcassets */ = {isa = PBXFileReference; lastKnownFileType = folder.assetcatalog; path = Images.xcassets; sourceTree = "<group>"; };
		B48CE6671986B40D00BD8010 /* PadovaNewsTests.xctest */ = {isa = PBXFileReference; explicitFileType = wrapper.cfbundle; includeInIndex = 0; path = PadovaNewsTests.xctest; sourceTree = BUILT_PRODUCTS_DIR; };
		B48CE66C1986B40D00BD8010 /* Info.plist */ = {isa = PBXFileReference; lastKnownFileType = text.plist.xml; path = Info.plist; sourceTree = "<group>"; };
		B48CE66D1986B40D00BD8010 /* PadovaNewsTests.swift */ = {isa = PBXFileReference; lastKnownFileType = sourcecode.swift; path = PadovaNewsTests.swift; sourceTree = "<group>"; };
		B4B8EE7819F014BC00B73D8A /* Current.swift */ = {isa = PBXFileReference; fileEncoding = 4; lastKnownFileType = sourcecode.swift; path = Current.swift; sourceTree = "<group>"; };
		B4B9E73619ED799200E813D3 /* PrimaryViewController.swift */ = {isa = PBXFileReference; fileEncoding = 4; lastKnownFileType = sourcecode.swift; path = PrimaryViewController.swift; sourceTree = "<group>"; };
		B4B9E73819ED7B1400E813D3 /* Main.storyboard */ = {isa = PBXFileReference; fileEncoding = 4; lastKnownFileType = file.storyboard; path = Main.storyboard; sourceTree = "<group>"; };
		B4B9E73A19ED8DF800E813D3 /* FactBook.swift */ = {isa = PBXFileReference; fileEncoding = 4; lastKnownFileType = sourcecode.swift; path = FactBook.swift; sourceTree = "<group>"; };
		B4C9A7721A06F70A00A2A9C9 /* AnimatedMaskLabel.swift */ = {isa = PBXFileReference; fileEncoding = 4; lastKnownFileType = sourcecode.swift; path = AnimatedMaskLabel.swift; sourceTree = "<group>"; };
		B4D0530419FD8B8D00625FC1 /* Launch Screen.xib */ = {isa = PBXFileReference; fileEncoding = 4; lastKnownFileType = file.xib; path = "Launch Screen.xib"; sourceTree = "<group>"; };
		B4D167821A07A08E00C3DEA4 /* AboutViewController.swift */ = {isa = PBXFileReference; fileEncoding = 4; lastKnownFileType = sourcecode.swift; path = AboutViewController.swift; sourceTree = "<group>"; };
		B4E8B2681A695F81004E37DD /* TaccuinDetailViewController.swift */ = {isa = PBXFileReference; fileEncoding = 4; lastKnownFileType = sourcecode.swift; path = TaccuinDetailViewController.swift; sourceTree = "<group>"; };
		B4E8B26C1A69643A004E37DD /* TaccuinModel.swift */ = {isa = PBXFileReference; fileEncoding = 4; lastKnownFileType = sourcecode.swift; path = TaccuinModel.swift; sourceTree = "<group>"; };
		B4F1EA041A6834C2009A5BBE /* TaccuìnViewController.swift */ = {isa = PBXFileReference; fileEncoding = 4; lastKnownFileType = sourcecode.swift; path = "TaccuìnViewController.swift"; sourceTree = "<group>"; };
		B4F1EA061A6838B1009A5BBE /* TaccuìnCell.swift */ = {isa = PBXFileReference; fileEncoding = 4; lastKnownFileType = sourcecode.swift; path = "TaccuìnCell.swift"; sourceTree = "<group>"; };
		B4F3A85E1A6A85EA00CEAAB4 /* Date.swift */ = {isa = PBXFileReference; fileEncoding = 4; lastKnownFileType = sourcecode.swift; path = Date.swift; sourceTree = "<group>"; };
		B4F3A8601A6B0D0D00CEAAB4 /* AddTaskViewController.swift */ = {isa = PBXFileReference; fileEncoding = 4; lastKnownFileType = sourcecode.swift; path = AddTaskViewController.swift; sourceTree = "<group>"; };
		C37372D9F7904E3987620071 /* Pods.xcconfig */ = {isa = PBXFileReference; includeInIndex = 1; lastKnownFileType = text.xcconfig; name = Pods.xcconfig; path = Pods/Pods.xcconfig; sourceTree = "<group>"; };
/* End PBXFileReference section */

/* Begin PBXFrameworksBuildPhase section */
		B48CE6521986B40C00BD8010 /* Frameworks */ = {
			isa = PBXFrameworksBuildPhase;
			buildActionMask = 2147483647;
			files = (
				5DFA7E132CE54796A4F57B6A /* libPods.a in Frameworks */,
			);
			runOnlyForDeploymentPostprocessing = 0;
		};
		B48CE6641986B40D00BD8010 /* Frameworks */ = {
			isa = PBXFrameworksBuildPhase;
			buildActionMask = 2147483647;
			files = (
			);
			runOnlyForDeploymentPostprocessing = 0;
		};
/* End PBXFrameworksBuildPhase section */

/* Begin PBXGroup section */
		376FE34C691B47D8BFC59FAC /* Frameworks */ = {
			isa = PBXGroup;
			children = (
				2EEB66D1389D4D75B0C1CF9C /* libPods.a */,
			);
			name = Frameworks;
			sourceTree = "<group>";
		};
		B48CE64C1986B40C00BD8010 = {
			isa = PBXGroup;
			children = (
				B4D167861A07A8F300C3DEA4 /* Animation */,
				B48CE6571986B40C00BD8010 /* PadovaNews */,
				B48CE66A1986B40D00BD8010 /* PadovaNewsTests */,
				B48CE6561986B40C00BD8010 /* Products */,
				C37372D9F7904E3987620071 /* Pods.xcconfig */,
				376FE34C691B47D8BFC59FAC /* Frameworks */,
			);
			sourceTree = "<group>";
		};
		B48CE6561986B40C00BD8010 /* Products */ = {
			isa = PBXGroup;
			children = (
				B48CE6551986B40C00BD8010 /* PadovaNews.app */,
				B48CE6671986B40D00BD8010 /* PadovaNewsTests.xctest */,
			);
			name = Products;
			sourceTree = "<group>";
		};
		B48CE6571986B40C00BD8010 /* PadovaNews */ = {
			isa = PBXGroup;
			children = (
				B4F3A85D1A6A85A400CEAAB4 /* Taccuin */,
				B48CE65A1986B40D00BD8010 /* AppDelegate.swift */,
				B4573E2819F165B300566684 /* UIViewExtensions.swift */,
				B48CE65C1986B40D00BD8010 /* ViewController.swift */,
				B4B9E73619ED799200E813D3 /* PrimaryViewController.swift */,
				B4B9E73A19ED8DF800E813D3 /* FactBook.swift */,
				B4B8EE7819F014BC00B73D8A /* Current.swift */,
				B4D167821A07A08E00C3DEA4 /* AboutViewController.swift */,
				B48CE6611986B40D00BD8010 /* Images.xcassets */,
				B4B9E73819ED7B1400E813D3 /* Main.storyboard */,
				B4D0530419FD8B8D00625FC1 /* Launch Screen.xib */,
				B48CE6581986B40D00BD8010 /* Supporting Files */,
				B476D2251987B9A700DA0B1D /* RSSReader-Bridging-Header.h */,
			);
			path = PadovaNews;
			sourceTree = "<group>";
		};
		B48CE6581986B40D00BD8010 /* Supporting Files */ = {
			isa = PBXGroup;
			children = (
				B48CE6591986B40D00BD8010 /* Info.plist */,
			);
			name = "Supporting Files";
			sourceTree = "<group>";
		};
		B48CE66A1986B40D00BD8010 /* PadovaNewsTests */ = {
			isa = PBXGroup;
			children = (
				B48CE66D1986B40D00BD8010 /* PadovaNewsTests.swift */,
				B48CE66B1986B40D00BD8010 /* Supporting Files */,
			);
			path = PadovaNewsTests;
			sourceTree = "<group>";
		};
		B48CE66B1986B40D00BD8010 /* Supporting Files */ = {
			isa = PBXGroup;
			children = (
				B48CE66C1986B40D00BD8010 /* Info.plist */,
			);
			name = "Supporting Files";
			sourceTree = "<group>";
		};
		B4D167861A07A8F300C3DEA4 /* Animation */ = {
			isa = PBXGroup;
			children = (
				B4C9A7721A06F70A00A2A9C9 /* AnimatedMaskLabel.swift */,
			);
			name = Animation;
			path = PadovaNews;
			sourceTree = "<group>";
		};
		B4F3A85D1A6A85A400CEAAB4 /* Taccuin */ = {
			isa = PBXGroup;
			children = (
				B4F1EA041A6834C2009A5BBE /* TaccuìnViewController.swift */,
				B4F3A8601A6B0D0D00CEAAB4 /* AddTaskViewController.swift */,
				B4E8B2681A695F81004E37DD /* TaccuinDetailViewController.swift */,
				B4E8B26C1A69643A004E37DD /* TaccuinModel.swift */,
				B4F3A85E1A6A85EA00CEAAB4 /* Date.swift */,
				B4F1EA061A6838B1009A5BBE /* TaccuìnCell.swift */,
			);
			name = Taccuin;
			sourceTree = "<group>";
		};
/* End PBXGroup section */

/* Begin PBXNativeTarget section */
		B48CE6541986B40C00BD8010 /* PadovaNews */ = {
			isa = PBXNativeTarget;
			buildConfigurationList = B48CE6711986B40D00BD8010 /* Build configuration list for PBXNativeTarget "PadovaNews" */;
			buildPhases = (
				6136A0C4ADB144ED84B2DCB6 /* Check Pods Manifest.lock */,
				B48CE6511986B40C00BD8010 /* Sources */,
				B48CE6521986B40C00BD8010 /* Frameworks */,
				B48CE6531986B40C00BD8010 /* Resources */,
				31681CD5A4AD4B7FBBB2684E /* Copy Pods Resources */,
			);
			buildRules = (
			);
			dependencies = (
			);
			name = PadovaNews;
			productName = PadovaNews;
			productReference = B48CE6551986B40C00BD8010 /* PadovaNews.app */;
			productType = "com.apple.product-type.application";
		};
		B48CE6661986B40D00BD8010 /* PadovaNewsTests */ = {
			isa = PBXNativeTarget;
			buildConfigurationList = B48CE6741986B40D00BD8010 /* Build configuration list for PBXNativeTarget "PadovaNewsTests" */;
			buildPhases = (
				B48CE6631986B40D00BD8010 /* Sources */,
				B48CE6641986B40D00BD8010 /* Frameworks */,
				B48CE6651986B40D00BD8010 /* Resources */,
			);
			buildRules = (
			);
			dependencies = (
				B48CE6691986B40D00BD8010 /* PBXTargetDependency */,
			);
			name = PadovaNewsTests;
			productName = PadovaNewsTests;
			productReference = B48CE6671986B40D00BD8010 /* PadovaNewsTests.xctest */;
			productType = "com.apple.product-type.bundle.unit-test";
		};
/* End PBXNativeTarget section */

/* Begin PBXProject section */
		B48CE64D1986B40C00BD8010 /* Project object */ = {
			isa = PBXProject;
			attributes = {
				LastUpgradeCheck = 0600;
				ORGANIZATIONNAME = "Romesh Singhabahu";
				TargetAttributes = {
					B48CE6541986B40C00BD8010 = {
						CreatedOnToolsVersion = 6.0;
						DevelopmentTeam = 72NYN8P4E4;
					};
					B48CE6661986B40D00BD8010 = {
						CreatedOnToolsVersion = 6.0;
						TestTargetID = B48CE6541986B40C00BD8010;
					};
				};
			};
			buildConfigurationList = B48CE6501986B40C00BD8010 /* Build configuration list for PBXProject "PadovaNews" */;
			compatibilityVersion = "Xcode 3.2";
			developmentRegion = English;
			hasScannedForEncodings = 0;
			knownRegions = (
				en,
				Base,
			);
			mainGroup = B48CE64C1986B40C00BD8010;
			productRefGroup = B48CE6561986B40C00BD8010 /* Products */;
			projectDirPath = "";
			projectRoot = "";
			targets = (
				B48CE6541986B40C00BD8010 /* PadovaNews */,
				B48CE6661986B40D00BD8010 /* PadovaNewsTests */,
			);
		};
/* End PBXProject section */

/* Begin PBXResourcesBuildPhase section */
		B48CE6531986B40C00BD8010 /* Resources */ = {
			isa = PBXResourcesBuildPhase;
			buildActionMask = 2147483647;
			files = (
				B48CE6621986B40D00BD8010 /* Images.xcassets in Resources */,
				B4B9E73919ED7B1400E813D3 /* Main.storyboard in Resources */,
				B4D0530519FD8B8D00625FC1 /* Launch Screen.xib in Resources */,
			);
			runOnlyForDeploymentPostprocessing = 0;
		};
		B48CE6651986B40D00BD8010 /* Resources */ = {
			isa = PBXResourcesBuildPhase;
			buildActionMask = 2147483647;
			files = (
			);
			runOnlyForDeploymentPostprocessing = 0;
		};
/* End PBXResourcesBuildPhase section */

/* Begin PBXShellScriptBuildPhase section */
		31681CD5A4AD4B7FBBB2684E /* Copy Pods Resources */ = {
			isa = PBXShellScriptBuildPhase;
			buildActionMask = 2147483647;
			files = (
			);
			inputPaths = (
			);
			name = "Copy Pods Resources";
			outputPaths = (
			);
			runOnlyForDeploymentPostprocessing = 0;
			shellPath = /bin/sh;
			shellScript = "\"${SRCROOT}/Pods/Pods-resources.sh\"\n";
			showEnvVarsInLog = 0;
		};
		6136A0C4ADB144ED84B2DCB6 /* Check Pods Manifest.lock */ = {
			isa = PBXShellScriptBuildPhase;
			buildActionMask = 2147483647;
			files = (
			);
			inputPaths = (
			);
			name = "Check Pods Manifest.lock";
			outputPaths = (
			);
			runOnlyForDeploymentPostprocessing = 0;
			shellPath = /bin/sh;
			shellScript = "diff \"${PODS_ROOT}/../Podfile.lock\" \"${PODS_ROOT}/Manifest.lock\" > /dev/null\nif [[ $? != 0 ]] ; then\n    cat << EOM\nerror: The sandbox is not in sync with the Podfile.lock. Run 'pod install' or update your CocoaPods installation.\nEOM\n    exit 1\nfi\n";
			showEnvVarsInLog = 0;
		};
/* End PBXShellScriptBuildPhase section */

/* Begin PBXSourcesBuildPhase section */
		B48CE6511986B40C00BD8010 /* Sources */ = {
			isa = PBXSourcesBuildPhase;
			buildActionMask = 2147483647;
			files = (
				B48CE65D1986B40D00BD8010 /* ViewController.swift in Sources */,
				B4B8EE7919F014BC00B73D8A /* Current.swift in Sources */,
				B4F1EA071A6838B1009A5BBE /* TaccuìnCell.swift in Sources */,
				B4E8B2691A695F81004E37DD /* TaccuinDetailViewController.swift in Sources */,
				B4F1EA051A6834C2009A5BBE /* TaccuìnViewController.swift in Sources */,
				B4E8B26D1A69643A004E37DD /* TaccuinModel.swift in Sources */,
				B4B9E73719ED799200E813D3 /* PrimaryViewController.swift in Sources */,
				B4B9E73B19ED8DF800E813D3 /* FactBook.swift in Sources */,
				B4573E2919F165B300566684 /* UIViewExtensions.swift in Sources */,
				B48CE65B1986B40D00BD8010 /* AppDelegate.swift in Sources */,
				B4D167831A07A08E00C3DEA4 /* AboutViewController.swift in Sources */,
				B4F3A85F1A6A85EA00CEAAB4 /* Date.swift in Sources */,
				B4C9A7731A06F70A00A2A9C9 /* AnimatedMaskLabel.swift in Sources */,
				B4F3A8611A6B0D0D00CEAAB4 /* AddTaskViewController.swift in Sources */,
			);
			runOnlyForDeploymentPostprocessing = 0;
		};
		B48CE6631986B40D00BD8010 /* Sources */ = {
			isa = PBXSourcesBuildPhase;
			buildActionMask = 2147483647;
			files = (
				B48CE66E1986B40D00BD8010 /* PadovaNewsTests.swift in Sources */,
			);
			runOnlyForDeploymentPostprocessing = 0;
		};
/* End PBXSourcesBuildPhase section */

/* Begin PBXTargetDependency section */
		B48CE6691986B40D00BD8010 /* PBXTargetDependency */ = {
			isa = PBXTargetDependency;
			target = B48CE6541986B40C00BD8010 /* PadovaNews */;
			targetProxy = B48CE6681986B40D00BD8010 /* PBXContainerItemProxy */;
		};
/* End PBXTargetDependency section */

/* Begin XCBuildConfiguration section */
		B48CE66F1986B40D00BD8010 /* Debug */ = {
			isa = XCBuildConfiguration;
			buildSettings = {
				ALWAYS_SEARCH_USER_PATHS = NO;
				CLANG_CXX_LANGUAGE_STANDARD = "gnu++0x";
				CLANG_CXX_LIBRARY = "libc++";
				CLANG_ENABLE_MODULES = YES;
				CLANG_ENABLE_OBJC_ARC = YES;
				CLANG_WARN_BOOL_CONVERSION = YES;
				CLANG_WARN_CONSTANT_CONVERSION = YES;
				CLANG_WARN_DIRECT_OBJC_ISA_USAGE = YES_ERROR;
				CLANG_WARN_EMPTY_BODY = YES;
				CLANG_WARN_ENUM_CONVERSION = YES;
				CLANG_WARN_INT_CONVERSION = YES;
				CLANG_WARN_OBJC_ROOT_CLASS = YES_ERROR;
				CLANG_WARN_UNREACHABLE_CODE = YES;
				CLANG_WARN__DUPLICATE_METHOD_MATCH = YES;
				"CODE_SIGN_IDENTITY[sdk=iphoneos*]" = "iPhone Developer";
				COPY_PHASE_STRIP = NO;
				ENABLE_STRICT_OBJC_MSGSEND = YES;
				GCC_C_LANGUAGE_STANDARD = gnu99;
				GCC_DYNAMIC_NO_PIC = NO;
				GCC_OPTIMIZATION_LEVEL = 0;
				GCC_PREPROCESSOR_DEFINITIONS = (
					"DEBUG=1",
					"$(inherited)",
				);
				GCC_SYMBOLS_PRIVATE_EXTERN = NO;
				GCC_WARN_64_TO_32_BIT_CONVERSION = YES;
				GCC_WARN_ABOUT_RETURN_TYPE = YES_ERROR;
				GCC_WARN_UNDECLARED_SELECTOR = YES;
				GCC_WARN_UNINITIALIZED_AUTOS = YES_AGGRESSIVE;
				GCC_WARN_UNUSED_FUNCTION = YES;
				GCC_WARN_UNUSED_VARIABLE = YES;
				IPHONEOS_DEPLOYMENT_TARGET = 8.0;
				MTL_ENABLE_DEBUG_INFO = YES;
				ONLY_ACTIVE_ARCH = YES;
				SDKROOT = iphoneos;
				SWIFT_OBJC_BRIDGING_HEADER = "PadovaNews/RSSReader-Bridging-Header.h";
				SWIFT_OPTIMIZATION_LEVEL = "-Onone";
			};
			name = Debug;
		};
		B48CE6701986B40D00BD8010 /* Release */ = {
			isa = XCBuildConfiguration;
			buildSettings = {
				ALWAYS_SEARCH_USER_PATHS = NO;
				CLANG_CXX_LANGUAGE_STANDARD = "gnu++0x";
				CLANG_CXX_LIBRARY = "libc++";
				CLANG_ENABLE_MODULES = YES;
				CLANG_ENABLE_OBJC_ARC = YES;
				CLANG_WARN_BOOL_CONVERSION = YES;
				CLANG_WARN_CONSTANT_CONVERSION = YES;
				CLANG_WARN_DIRECT_OBJC_ISA_USAGE = YES_ERROR;
				CLANG_WARN_EMPTY_BODY = YES;
				CLANG_WARN_ENUM_CONVERSION = YES;
				CLANG_WARN_INT_CONVERSION = YES;
				CLANG_WARN_OBJC_ROOT_CLASS = YES_ERROR;
				CLANG_WARN_UNREACHABLE_CODE = YES;
				CLANG_WARN__DUPLICATE_METHOD_MATCH = YES;
				"CODE_SIGN_IDENTITY[sdk=iphoneos*]" = "iPhone Developer";
				COPY_PHASE_STRIP = YES;
				ENABLE_NS_ASSERTIONS = NO;
				ENABLE_STRICT_OBJC_MSGSEND = YES;
				GCC_C_LANGUAGE_STANDARD = gnu99;
				GCC_WARN_64_TO_32_BIT_CONVERSION = YES;
				GCC_WARN_ABOUT_RETURN_TYPE = YES_ERROR;
				GCC_WARN_UNDECLARED_SELECTOR = YES;
				GCC_WARN_UNINITIALIZED_AUTOS = YES_AGGRESSIVE;
				GCC_WARN_UNUSED_FUNCTION = YES;
				GCC_WARN_UNUSED_VARIABLE = YES;
				IPHONEOS_DEPLOYMENT_TARGET = 8.0;
				MTL_ENABLE_DEBUG_INFO = NO;
				SDKROOT = iphoneos;
				SWIFT_OBJC_BRIDGING_HEADER = "PadovaNews/RSSReader-Bridging-Header.h";
				VALIDATE_PRODUCT = YES;
			};
			name = Release;
		};
		B48CE6721986B40D00BD8010 /* Debug */ = {
			isa = XCBuildConfiguration;
			baseConfigurationReference = C37372D9F7904E3987620071 /* Pods.xcconfig */;
			buildSettings = {
				ASSETCATALOG_COMPILER_APPICON_NAME = AppIcon;
				ASSETCATALOG_COMPILER_LAUNCHIMAGE_NAME = LaunchImage;
				CODE_SIGN_IDENTITY = "iPhone Developer";
				INFOPLIST_FILE = PadovaNews/Info.plist;
				IPHONEOS_DEPLOYMENT_TARGET = 8.0;
				LD_RUNPATH_SEARCH_PATHS = "$(inherited) @executable_path/Frameworks";
				PRODUCT_NAME = "$(TARGET_NAME)";
			};
			name = Debug;
		};
		B48CE6731986B40D00BD8010 /* Release */ = {
			isa = XCBuildConfiguration;
			baseConfigurationReference = C37372D9F7904E3987620071 /* Pods.xcconfig */;
			buildSettings = {
				ASSETCATALOG_COMPILER_APPICON_NAME = AppIcon;
				ASSETCATALOG_COMPILER_LAUNCHIMAGE_NAME = LaunchImage;
				CODE_SIGN_IDENTITY = "iPhone Developer";
				INFOPLIST_FILE = PadovaNews/Info.plist;
				IPHONEOS_DEPLOYMENT_TARGET = 8.0;
				LD_RUNPATH_SEARCH_PATHS = "$(inherited) @executable_path/Frameworks";
				PRODUCT_NAME = "$(TARGET_NAME)";
			};
			name = Release;
		};
		B48CE6751986B40D00BD8010 /* Debug */ = {
			isa = XCBuildConfiguration;
			buildSettings = {
				BUNDLE_LOADER = "$(BUILT_PRODUCTS_DIR)/PadovaNews.app/PadovaNews";
				FRAMEWORK_SEARCH_PATHS = (
					"$(SDKROOT)/Developer/Library/Frameworks",
					"$(inherited)",
				);
				GCC_PREPROCESSOR_DEFINITIONS = (
					"DEBUG=1",
					"$(inherited)",
				);
				INFOPLIST_FILE = PadovaNewsTests/Info.plist;
				LD_RUNPATH_SEARCH_PATHS = "$(inherited) @executable_path/Frameworks @loader_path/Frameworks";
				PRODUCT_NAME = "$(TARGET_NAME)";
				TEST_HOST = "$(BUNDLE_LOADER)";
			};
			name = Debug;
		};
		B48CE6761986B40D00BD8010 /* Release */ = {
			isa = XCBuildConfiguration;
			buildSettings = {
				BUNDLE_LOADER = "$(BUILT_PRODUCTS_DIR)/PadovaNews.app/PadovaNews";
				FRAMEWORK_SEARCH_PATHS = (
					"$(SDKROOT)/Developer/Library/Frameworks",
					"$(inherited)",
				);
				INFOPLIST_FILE = PadovaNewsTests/Info.plist;
				LD_RUNPATH_SEARCH_PATHS = "$(inherited) @executable_path/Frameworks @loader_path/Frameworks";
				PRODUCT_NAME = "$(TARGET_NAME)";
				TEST_HOST = "$(BUNDLE_LOADER)";
			};
			name = Release;
		};
/* End XCBuildConfiguration section */

/* Begin XCConfigurationList section */
		B48CE6501986B40C00BD8010 /* Build configuration list for PBXProject "PadovaNews" */ = {
			isa = XCConfigurationList;
			buildConfigurations = (
				B48CE66F1986B40D00BD8010 /* Debug */,
				B48CE6701986B40D00BD8010 /* Release */,
			);
			defaultConfigurationIsVisible = 0;
			defaultConfigurationName = Release;
		};
		B48CE6711986B40D00BD8010 /* Build configuration list for PBXNativeTarget "PadovaNews" */ = {
			isa = XCConfigurationList;
			buildConfigurations = (
				B48CE6721986B40D00BD8010 /* Debug */,
				B48CE6731986B40D00BD8010 /* Release */,
			);
			defaultConfigurationIsVisible = 0;
			defaultConfigurationName = Release;
		};
		B48CE6741986B40D00BD8010 /* Build configuration list for PBXNativeTarget "PadovaNewsTests" */ = {
			isa = XCConfigurationList;
			buildConfigurations = (
				B48CE6751986B40D00BD8010 /* Debug */,
				B48CE6761986B40D00BD8010 /* Release */,
			);
			defaultConfigurationIsVisible = 0;
			defaultConfigurationName = Release;
		};
/* End XCConfigurationList section */
	};
	rootObject = B48CE64D1986B40C00BD8010 /* Project object */;
}
